
Microsoft Visual Studio Solution File, Format Version 12.00
# Visual Studio 15
VisualStudioVersion = 15.0.27703.2047
MinimumVisualStudioVersion = 10.0.40219.1
Project("{FAE04EC0-301F-11D3-BF4B-00C04F79EFBC}") = "BacklogTracker.Loader", "BacklogTracker\BacklogTracker.Loader.csproj", "{873B0AB2-8073-4155-BEF3-456257C6DC8A}"
EndProject
Project("{FAE04EC0-301F-11D3-BF4B-00C04F79EFBC}") = "BacklogTracker.Interfaces", "BacklogTracker.Interfaces\BacklogTracker.Interfaces.csproj", "{A835895C-236F-49F1-B2A3-66594B5B2EA9}"
EndProject
Project("{FAE04EC0-301F-11D3-BF4B-00C04F79EFBC}") = "BacklogTracker.Helpers", "BacklogTracker.Helpers\BacklogTracker.Helpers.csproj", "{D4F1A428-6E78-4AB6-B721-BF75CCEB49C6}"
EndProject
Global
	GlobalSection(SolutionConfigurationPlatforms) = preSolution
		Debug|Any CPU = Debug|Any CPU
		Release|Any CPU = Release|Any CPU
	EndGlobalSection
	GlobalSection(ProjectConfigurationPlatforms) = postSolution
		{873B0AB2-8073-4155-BEF3-456257C6DC8A}.Debug|Any CPU.ActiveCfg = Debug|Any CPU
		{873B0AB2-8073-4155-BEF3-456257C6DC8A}.Debug|Any CPU.Build.0 = Debug|Any CPU
		{873B0AB2-8073-4155-BEF3-456257C6DC8A}.Release|Any CPU.ActiveCfg = Release|Any CPU
		{873B0AB2-8073-4155-BEF3-456257C6DC8A}.Release|Any CPU.Build.0 = Release|Any CPU
		{A835895C-236F-49F1-B2A3-66594B5B2EA9}.Debug|Any CPU.ActiveCfg = Debug|Any CPU
		{A835895C-236F-49F1-B2A3-66594B5B2EA9}.Debug|Any CPU.Build.0 = Debug|Any CPU
		{A835895C-236F-49F1-B2A3-66594B5B2EA9}.Release|Any CPU.ActiveCfg = Release|Any CPU
		{A835895C-236F-49F1-B2A3-66594B5B2EA9}.Release|Any CPU.Build.0 = Release|Any CPU
		{D4F1A428-6E78-4AB6-B721-BF75CCEB49C6}.Debug|Any CPU.ActiveCfg = Debug|Any CPU
		{D4F1A428-6E78-4AB6-B721-BF75CCEB49C6}.Debug|Any CPU.Build.0 = Debug|Any CPU
		{D4F1A428-6E78-4AB6-B721-BF75CCEB49C6}.Release|Any CPU.ActiveCfg = Release|Any CPU
		{D4F1A428-6E78-4AB6-B721-BF75CCEB49C6}.Release|Any CPU.Build.0 = Release|Any CPU
	EndGlobalSection
	GlobalSection(SolutionProperties) = preSolution
		HideSolutionNode = FALSE
	EndGlobalSection
	GlobalSection(ExtensibilityGlobals) = postSolution
		SolutionGuid = {BB0FA6A5-3304-44D8-95CD-38E91CC16FA2}
	EndGlobalSection
EndGlobal
